{
  "version": 4,
  "terraform_version": "1.5.2",
  "serial": 3,
  "lineage": "23b153db-b093-990e-d2fb-7a37edb2dcd2",
  "outputs": {
    "aws_autoscaling_group_tfer--eks-hh-fc-k8s4dev-eks-nodegroup-e0c49e93-ffc5-55bf-4f8e-7e85c36997ca_id": {
      "value": "eks-hh-fc-k8s4dev-eks-nodegroup-e0c49e93-ffc5-55bf-4f8e-7e85c36997ca",
      "type": "string"
    },
    "aws_launch_template_tfer--Karpenter-ail-dev-18017424422536352272_id": {
      "value": "lt-0f04d06d82e9fac0e",
      "type": "string"
    },
    "aws_launch_template_tfer--Karpenter-ail-dev-448331096189852245_id": {
      "value": "lt-0c9131e62f010980d",
      "type": "string"
    },
    "aws_launch_template_tfer--eks-e0c49e93-ffc5-55bf-4f8e-7e85c36997ca_id": {
      "value": "lt-0d0d3edd1b5e1f9d0",
      "type": "string"
    },
    "aws_launch_template_tfer--eksctl-2021-hjk-eksworkshop-eksctl-nodegroup-nodegroup_id": {
      "value": "lt-0cb32945682244f94",
      "type": "string"
    },
    "aws_launch_template_tfer--hh-infra-manual-st_id": {
      "value": "lt-0d2c659e1a2bbff38",
      "type": "string"
    },
    "aws_launch_template_tfer--lt-Cloud-VAS-NLP-Dev_id": {
      "value": "lt-06b5b7e609432f413",
      "type": "string"
    }
  },
  "resources": [
    {
      "mode": "managed",
      "type": "aws_launch_template",
      "name": "tfer--Karpenter-ail-dev-18017424422536352272",
      "provider": "provider[\"registry.terraform.io/-/aws\"]",
      "instances": [
        {
          "schema_version": 0,
          "attributes_flat": {
            "arn": "arn:aws:ec2:ap-northeast-2:046822486271:launch-template/lt-0f04d06d82e9fac0e",
            "block_device_mappings.#": "1",
            "block_device_mappings.0.device_name": "/dev/xvda",
            "block_device_mappings.0.ebs.#": "1",
            "block_device_mappings.0.ebs.0.delete_on_termination": "",
            "block_device_mappings.0.ebs.0.encrypted": "true",
            "block_device_mappings.0.ebs.0.iops": "0",
            "block_device_mappings.0.ebs.0.kms_key_id": "",
            "block_device_mappings.0.ebs.0.snapshot_id": "",
            "block_device_mappings.0.ebs.0.throughput": "0",
            "block_device_mappings.0.ebs.0.volume_size": "20",
            "block_device_mappings.0.ebs.0.volume_type": "gp3",
            "block_device_mappings.0.no_device": "",
            "block_device_mappings.0.virtual_name": "",
            "capacity_reservation_specification.#": "0",
            "cpu_options.#": "0",
            "default_version": "1",
            "description": "",
            "disable_api_stop": "false",
            "disable_api_termination": "false",
            "ebs_optimized": "",
            "elastic_gpu_specifications.#": "0",
            "elastic_inference_accelerator.#": "0",
            "enclave_options.#": "0",
            "hibernation_options.#": "0",
            "iam_instance_profile.#": "1",
            "iam_instance_profile.0.arn": "",
            "iam_instance_profile.0.name": "KarpenterNodeInstanceProfile-ail-dev",
            "id": "lt-0f04d06d82e9fac0e",
            "image_id": "ami-0ed39f52c0b66ac73",
            "instance_initiated_shutdown_behavior": "",
            "instance_market_options.#": "0",
            "instance_requirements.#": "0",
            "instance_type": "",
            "kernel_id": "",
            "key_name": "",
            "latest_version": "1",
            "license_specification.#": "0",
            "maintenance_options.#": "0",
            "metadata_options.#": "1",
            "metadata_options.0.http_endpoint": "enabled",
            "metadata_options.0.http_protocol_ipv6": "disabled",
            "metadata_options.0.http_put_response_hop_limit": "2",
            "metadata_options.0.http_tokens": "required",
            "metadata_options.0.instance_metadata_tags": "",
            "monitoring.#": "0",
            "name": "Karpenter-ail-dev-18017424422536352272",
            "name_prefix": "",
            "network_interfaces.#": "0",
            "placement.#": "0",
            "private_dns_name_options.#": "0",
            "ram_disk_id": "",
            "security_group_names.#": "0",
            "tag_specifications.#": "1",
            "tag_specifications.0.resource_type": "network-interface",
            "tag_specifications.0.tags.%": "2",
            "tag_specifications.0.tags.Name": "karpenter.sh/provisioner-name/default",
            "tag_specifications.0.tags.karpenter.sh/provisioner-name": "default",
            "tags.%": "3",
            "tags.Name": "karpenter.sh/provisioner-name/default",
            "tags.karpenter.k8s.aws/cluster": "ail-dev",
            "tags.karpenter.sh/provisioner-name": "default",
            "tags_all.%": "3",
            "tags_all.Name": "karpenter.sh/provisioner-name/default",
            "tags_all.karpenter.k8s.aws/cluster": "ail-dev",
            "tags_all.karpenter.sh/provisioner-name": "default",
            "user_data": "TUlNRS1WZXJzaW9uOiAxLjAKQ29udGVudC1UeXBlOiBtdWx0aXBhcnQvbWl4ZWQ7IGJvdW5kYXJ5PSIvLyIKCi0tLy8KQ29udGVudC1UeXBlOiB0ZXh0L3gtc2hlbGxzY3JpcHQ7IGNoYXJzZXQ9InVzLWFzY2lpIgoKIyEvYmluL2Jhc2ggLXhlCmV4ZWMgPiA+KHRlZSAvdmFyL2xvZy91c2VyLWRhdGEubG9nfGxvZ2dlciAtdCB1c2VyLWRhdGEgLXMgMj4vZGV2L2NvbnNvbGUpIDI+JjEKL2V0Yy9la3MvYm9vdHN0cmFwLnNoICdhaWwtZGV2JyAtLWFwaXNlcnZlci1lbmRwb2ludCAnaHR0cHM6Ly8yOEM5NjM4MjQ2OEU3MzlDQzJBM0E4RjU5NjI5QTM0Ny5ncjcuYXAtbm9ydGhlYXN0LTIuZWtzLmFtYXpvbmF3cy5jb20nIC0tYjY0LWNsdXN0ZXItY2EgJ0xTMHRMUzFDUlVkSlRpQkRSVkpVU1VaSlEwRlVSUzB0TFMwdENrMUpTVU12YWtORFFXVmhaMEYzU1VKQlowbENRVVJCVGtKbmEzRm9hMmxIT1hjd1FrRlJjMFpCUkVGV1RWSk5kMFZSV1VSV1VWRkVSWGR3Y21SWFNtd0tZMjAxYkdSSFZucE5RalJZUkZSSmVrMUVSWGROZWtWM1RWUlJlRTlXYjFoRVZFMTVUVlJKZWsxVVJYZE5WRkY0VDFadmQwWlVSVlJOUWtWSFFURlZSUXBCZUUxTFlUTldhVnBZU25WYVdGSnNZM3BEUTBGVFNYZEVVVmxLUzI5YVNXaDJZMDVCVVVWQ1FsRkJSR2RuUlZCQlJFTkRRVkZ2UTJkblJVSkJUV1I2Q25SemVYZDNOVFF3TkU5Rk16WnlUa2QzUzNaaVlrRjVhVFZaV2xoa0wxRkVOVTFoWW1sb1JtWmtOWGRDTjNGamVISlVZVTFoUzNKblRXUnBUWHB3Ym1rS1lUWXpWemN4TTI5aE1qSlpNaklyUW5oMVJVNXhTRzUzVERGMFJXdzRjWHBtYVcwclZ6Y3hiWFZpTVhjeEsyOXBSRzFtVEdsRVprRTVSVkpKT0dKelpBcFFVWHB3WmtWTGVXUmtNelJLYzFKb1RHbFNTVlJ0UW5Ga2NrdHBTVWs0UWpNdk1qTmhVVEpwWm5wVmNEUXlOelJDTDJzd1YybEZhVkJvWXpaTGRGWndDblpMTmpScFprTXZMMWRpYzBSWksyeFBLeXRRVUhZeEwyMVVTbkJEUlRBclUyOXhTemh4U1c5VU4wVmphR1YyVmtsc1MwRjVhRE5LYVRNeWNsWmhaSGNLYWxreFVHOHpiSHBHYzB4NVZVdDBWWEZJYUUxME1DOUxMMVJLVHk5M01rWnRNV3RrTWtocUszUnVWVXRRTUZWVWFuSlBlRmsyWkZwelRFUm5NMjFoWlFwNGJGUjFZVFJWWTJ0eFlXOW9jRWRDVDNKRlEwRjNSVUZCWVU1YVRVWmpkMFJuV1VSV1VqQlFRVkZJTDBKQlVVUkJaMHRyVFVFNFIwRXhWV1JGZDBWQ0NpOTNVVVpOUVUxQ1FXWTRkMGhSV1VSV1VqQlBRa0paUlVaSGFqSk1OWHB2UldaWFUwSkNaR1JWVW1oblNreHVZM2d6YlRWTlFsVkhRVEZWWkVWUlVVOEtUVUY1UTBOdGRERlpiVlo1WW0xV01GcFlUWGRFVVZsS1MyOWFTV2gyWTA1QlVVVk1RbEZCUkdkblJVSkJRUzh6YlZZcmRtaHNZWFpyVVVwSlNYUTBaQXBhTkdabFJFUm5PWGRLU1RCNGJqQjFZV29yVTJseVJubGxTR3ROUldkSWRHVlFjbGMxZGtkWlEwRTBlalUzZFZkMlYweHZkR1IxYVhJck1XWTJkbkpwQ2paTVJEUlRMemNyV1ZadmRUWm1aMDF6VG1WVWIwTXpabmhUVVhReFJrOW5TR2xvV0RkUWMxQkJObEJMTlVGcVF6SllXbEpoTmxvMVMwaG1aM1pOU2pJS09WQXZiWEJ6WjBjM05UbGpVMDlhTUZJNFlYTlNjbGh5VjJ0RVozZExTeko1WVRKR2NWVm5kalJCT0hZM2NFOVBVSGd3VWxrNVlYUllWM1YyVFROTlRncE9NRmhMYUdRcmNWSnRNeXRGTkhod1JtOURXSGhOZVhZdlZtdzVWRTQwWkRWeVVubERTSFZQVEZwM1ZXdHdWM0pSYW1GNE5ESnhibGh3VDNRM09EQkVDbUkwV1RjM2RFOTZXRnBCWTFaa2NsRXhLMjFrTmxwNldsbDRhRXRVVUdwMFRXWkZabEpwWTFka2NESkdSRGN2YldsNk1rWTNjVXN3TTNsU1NHY3hWbmdLUlZWclBRb3RMUzB0TFVWT1JDQkRSVkpVU1VaSlEwRlVSUzB0TFMwdENnPT0nIFwKLS1jb250YWluZXItcnVudGltZSBjb250YWluZXJkIFwKLS1rdWJlbGV0LWV4dHJhLWFyZ3MgJy0tbm9kZS1sYWJlbHM9a2FycGVudGVyLnNoL2NhcGFjaXR5LXR5cGU9c3BvdCxrYXJwZW50ZXIuc2gvcHJvdmlzaW9uZXItbmFtZT1kZWZhdWx0JwotLS8vLS0K",
            "vpc_security_group_ids.#": "2",
            "vpc_security_group_ids.0": "sg-08b8b8bd3e55d2ce6",
            "vpc_security_group_ids.1": "sg-0fb89520cba1e65da"
          },
          "sensitive_attributes": []
        }
      ]
    },
    {
      "mode": "managed",
      "type": "aws_launch_template",
      "name": "tfer--Karpenter-ail-dev-448331096189852245",
      "provider": "provider[\"registry.terraform.io/-/aws\"]",
      "instances": [
        {
          "schema_version": 0,
          "attributes_flat": {
            "arn": "arn:aws:ec2:ap-northeast-2:046822486271:launch-template/lt-0c9131e62f010980d",
            "block_device_mappings.#": "1",
            "block_device_mappings.0.device_name": "/dev/xvda",
            "block_device_mappings.0.ebs.#": "1",
            "block_device_mappings.0.ebs.0.delete_on_termination": "",
            "block_device_mappings.0.ebs.0.encrypted": "true",
            "block_device_mappings.0.ebs.0.iops": "0",
            "block_device_mappings.0.ebs.0.kms_key_id": "",
            "block_device_mappings.0.ebs.0.snapshot_id": "",
            "block_device_mappings.0.ebs.0.throughput": "0",
            "block_device_mappings.0.ebs.0.volume_size": "20",
            "block_device_mappings.0.ebs.0.volume_type": "gp3",
            "block_device_mappings.0.no_device": "",
            "block_device_mappings.0.virtual_name": "",
            "capacity_reservation_specification.#": "0",
            "cpu_options.#": "0",
            "default_version": "1",
            "description": "",
            "disable_api_stop": "false",
            "disable_api_termination": "false",
            "ebs_optimized": "",
            "elastic_gpu_specifications.#": "0",
            "elastic_inference_accelerator.#": "0",
            "enclave_options.#": "0",
            "hibernation_options.#": "0",
            "iam_instance_profile.#": "1",
            "iam_instance_profile.0.arn": "",
            "iam_instance_profile.0.name": "KarpenterNodeInstanceProfile-ail-dev",
            "id": "lt-0c9131e62f010980d",
            "image_id": "ami-0ed39f52c0b66ac73",
            "instance_initiated_shutdown_behavior": "",
            "instance_market_options.#": "0",
            "instance_requirements.#": "0",
            "instance_type": "",
            "kernel_id": "",
            "key_name": "",
            "latest_version": "1",
            "license_specification.#": "0",
            "maintenance_options.#": "0",
            "metadata_options.#": "1",
            "metadata_options.0.http_endpoint": "enabled",
            "metadata_options.0.http_protocol_ipv6": "disabled",
            "metadata_options.0.http_put_response_hop_limit": "2",
            "metadata_options.0.http_tokens": "required",
            "metadata_options.0.instance_metadata_tags": "",
            "monitoring.#": "0",
            "name": "Karpenter-ail-dev-448331096189852245",
            "name_prefix": "",
            "network_interfaces.#": "0",
            "placement.#": "0",
            "private_dns_name_options.#": "0",
            "ram_disk_id": "",
            "security_group_names.#": "0",
            "tag_specifications.#": "1",
            "tag_specifications.0.resource_type": "network-interface",
            "tag_specifications.0.tags.%": "2",
            "tag_specifications.0.tags.Name": "karpenter.sh/provisioner-name/default",
            "tag_specifications.0.tags.karpenter.sh/provisioner-name": "default",
            "tags.%": "3",
            "tags.Name": "karpenter.sh/provisioner-name/default",
            "tags.karpenter.k8s.aws/cluster": "ail-dev",
            "tags.karpenter.sh/provisioner-name": "default",
            "tags_all.%": "3",
            "tags_all.Name": "karpenter.sh/provisioner-name/default",
            "tags_all.karpenter.k8s.aws/cluster": "ail-dev",
            "tags_all.karpenter.sh/provisioner-name": "default",
            "user_data": "TUlNRS1WZXJzaW9uOiAxLjAKQ29udGVudC1UeXBlOiBtdWx0aXBhcnQvbWl4ZWQ7IGJvdW5kYXJ5PSIvLyIKCi0tLy8KQ29udGVudC1UeXBlOiB0ZXh0L3gtc2hlbGxzY3JpcHQ7IGNoYXJzZXQ9InVzLWFzY2lpIgoKIyEvYmluL2Jhc2ggLXhlCmV4ZWMgPiA+KHRlZSAvdmFyL2xvZy91c2VyLWRhdGEubG9nfGxvZ2dlciAtdCB1c2VyLWRhdGEgLXMgMj4vZGV2L2NvbnNvbGUpIDI+JjEKL2V0Yy9la3MvYm9vdHN0cmFwLnNoICdhaWwtZGV2JyAtLWFwaXNlcnZlci1lbmRwb2ludCAnaHR0cHM6Ly8yMzNCOTEwN0UyMTNDMzg1MzFCQjZFQzlCMUQ3M0NGRi5ncjcuYXAtbm9ydGhlYXN0LTIuZWtzLmFtYXpvbmF3cy5jb20nIC0tYjY0LWNsdXN0ZXItY2EgJ0xTMHRMUzFDUlVkSlRpQkRSVkpVU1VaSlEwRlVSUzB0TFMwdENrMUpTVU12YWtORFFXVmhaMEYzU1VKQlowbENRVVJCVGtKbmEzRm9hMmxIT1hjd1FrRlJjMFpCUkVGV1RWSk5kMFZSV1VSV1VWRkVSWGR3Y21SWFNtd0tZMjAxYkdSSFZucE5RalJZUkZSSmVrMUVSWGROZWtGNFRrUlpNRTVzYjFoRVZFMTVUVlJKZWsxVVFYaE9SRmt3VG14dmQwWlVSVlJOUWtWSFFURlZSUXBCZUUxTFlUTldhVnBZU25WYVdGSnNZM3BEUTBGVFNYZEVVVmxLUzI5YVNXaDJZMDVCVVVWQ1FsRkJSR2RuUlZCQlJFTkRRVkZ2UTJkblJVSkJUVEYxQ2xScE9XRTVhRzVTYWpKMFZXVldUMk5WWkRJeE9HVkJhM2htTld4S1dHdGpPRFZyU0UxWmFGbDVhVkEwYUVRM1FpOWpMMWxLY21SV1pWUm9ZVXhzZHpRS2FHSnNWVmRSWmpaNU1IRllMMFZsUVRKelpsTkNRMlJMSzJ4bldrRXZiell2VERoTWFFWTVWM0JDVEhsRlVYRXhMM2N2ZEZKRWRUaDJjM2hvVVZKUFpBcDNVRXBOUVhWTE9FSk9XRmw1T1hkb05rMTNlRUZ2VW00NWQzRkdiMGt6UkhSWU1ubFhTRlV4UmtKQ1Z6WTNlVGgzWnpOd2NuSjBjVXN4U0VSbFVXOWxDak5oZVhCdWJqVkxkMlZuUkdadlNqTm9NMFpOTWt4SmExTjFNVUZJV1VRd2JtRmFiM0JoUTIxMlpIRlBRbVZ6UjNWd01IQndaSEpYU1ZSTU1EaENTbUlLVEZOcVpFZFlNMFptUkVSVWRXUnZlVko0TjJwYWRETmFNRkp4TVRSdGMwSk1jMlpsTUVWTGQzUmpkbmRRZUV0M1VFNW9NWFpyWkdZd2NFcHBSa05UWkFwU1RqTnBVakJKVUhsaFduVlZTbTlZTDFaelEwRjNSVUZCWVU1YVRVWmpkMFJuV1VSV1VqQlFRVkZJTDBKQlVVUkJaMHRyVFVFNFIwRXhWV1JGZDBWQ0NpOTNVVVpOUVUxQ1FXWTRkMGhSV1VSV1VqQlBRa0paUlVaSFNGVktVV2RzT0dGSmJGaFRVMXBQVFVZeU1rRXllVzl6VTNsTlFsVkhRVEZWWkVWUlVVOEtUVUY1UTBOdGRERlpiVlo1WW0xV01GcFlUWGRFVVZsS1MyOWFTV2gyWTA1QlVVVk1RbEZCUkdkblJVSkJSM0JwVERWblpsUkNUbE5JY0dwSVpsTkxSZ3BJT1ZBclRrRTVTa3RJYVVGMGVWVkZTa1ZpY0hsNVdVRnpTVk5wZEc0dlIwcEVSVXN3ZDJjek9HaGFTR3BLVUdkcVdIRkdkR1IwV2k5V2JHZFVXa3RGQ2pWVVVGZHlSR0ZPVHk4cmNFTjJNRFp3ZUVwc2FYY3JSM2xGZFVwWGMzQjNVVlJHWjNodldETktUMVE0VFd0Nk5XZDRRbFZsT1VodmRHZGtVMUZOVnpjS0szTlhNeTkxUmxacVVrMXBLM0JDY0U5SFVtWTRTV0pRSzBSWE1DdDJZams1VDBWWmNHSlVlVTV2WjFkSlRrVnNjVVUyVVZWdWVsWnFabkJGTWpCRGR3cFdZa2RDZDBOck5HYzVRMDFpUm10TGFGcFVRazEzV25CTmNYVk5XR1pxZVVGR1RVTm1VRU01V2paaVYzRjBTRmRTYVRGT2JVcFhhVzl5VWtGeVUycFVDbE14VFdaR1VrVmFZM0p0TW1GTGVqUjVlRkpEY0U5WVMxVkROREZ4U0doVFpIVmFRMkY2V0V4bWMwTmxWa1ZGUlhKaGVrbGlTM2xoYVU0d1dESlhUMUlLYml0QlBRb3RMUzB0TFVWT1JDQkRSVkpVU1VaSlEwRlVSUzB0TFMwdENnPT0nIFwKLS1jb250YWluZXItcnVudGltZSBjb250YWluZXJkIFwKLS1rdWJlbGV0LWV4dHJhLWFyZ3MgJy0tbm9kZS1sYWJlbHM9a2FycGVudGVyLnNoL2NhcGFjaXR5LXR5cGU9c3BvdCxrYXJwZW50ZXIuc2gvcHJvdmlzaW9uZXItbmFtZT1kZWZhdWx0JwotLS8vLS0K",
            "vpc_security_group_ids.#": "2",
            "vpc_security_group_ids.0": "sg-02d143a2067b57a76",
            "vpc_security_group_ids.1": "sg-054271b61ff3192c4"
          },
          "sensitive_attributes": []
        }
      ]
    },
    {
      "mode": "managed",
      "type": "aws_launch_template",
      "name": "tfer--eksctl-2021-hjk-eksworkshop-eksctl-nodegroup-nodegroup",
      "provider": "provider[\"registry.terraform.io/-/aws\"]",
      "instances": [
        {
          "schema_version": 0,
          "attributes_flat": {
            "arn": "arn:aws:ec2:ap-northeast-2:046822486271:launch-template/lt-0cb32945682244f94",
            "block_device_mappings.#": "1",
            "block_device_mappings.0.device_name": "/dev/xvda",
            "block_device_mappings.0.ebs.#": "1",
            "block_device_mappings.0.ebs.0.delete_on_termination": "",
            "block_device_mappings.0.ebs.0.encrypted": "",
            "block_device_mappings.0.ebs.0.iops": "3000",
            "block_device_mappings.0.ebs.0.kms_key_id": "",
            "block_device_mappings.0.ebs.0.snapshot_id": "",
            "block_device_mappings.0.ebs.0.throughput": "125",
            "block_device_mappings.0.ebs.0.volume_size": "80",
            "block_device_mappings.0.ebs.0.volume_type": "gp3",
            "block_device_mappings.0.no_device": "",
            "block_device_mappings.0.virtual_name": "",
            "capacity_reservation_specification.#": "0",
            "cpu_options.#": "0",
            "default_version": "1",
            "description": "",
            "disable_api_stop": "false",
            "disable_api_termination": "false",
            "ebs_optimized": "",
            "elastic_gpu_specifications.#": "0",
            "elastic_inference_accelerator.#": "0",
            "enclave_options.#": "0",
            "hibernation_options.#": "0",
            "iam_instance_profile.#": "0",
            "id": "lt-0cb32945682244f94",
            "image_id": "",
            "instance_initiated_shutdown_behavior": "",
            "instance_market_options.#": "0",
            "instance_requirements.#": "0",
            "instance_type": "",
            "kernel_id": "",
            "key_name": "",
            "latest_version": "1",
            "license_specification.#": "0",
            "maintenance_options.#": "0",
            "metadata_options.#": "1",
            "metadata_options.0.http_endpoint": "",
            "metadata_options.0.http_protocol_ipv6": "",
            "metadata_options.0.http_put_response_hop_limit": "2",
            "metadata_options.0.http_tokens": "optional",
            "metadata_options.0.instance_metadata_tags": "",
            "monitoring.#": "0",
            "name": "eksctl-2021-hjk-eksworkshop-eksctl-nodegroup-nodegroup",
            "name_prefix": "",
            "network_interfaces.#": "0",
            "placement.#": "0",
            "private_dns_name_options.#": "0",
            "ram_disk_id": "",
            "security_group_names.#": "0",
            "tag_specifications.#": "3",
            "tag_specifications.0.resource_type": "instance",
            "tag_specifications.0.tags.%": "3",
            "tag_specifications.0.tags.Name": "2021-hjk-eksworkshop-eksctl-nodegroup-Node",
            "tag_specifications.0.tags.alpha.eksctl.io/nodegroup-name": "nodegroup",
            "tag_specifications.0.tags.alpha.eksctl.io/nodegroup-type": "managed",
            "tag_specifications.1.resource_type": "volume",
            "tag_specifications.1.tags.%": "3",
            "tag_specifications.1.tags.Name": "2021-hjk-eksworkshop-eksctl-nodegroup-Node",
            "tag_specifications.1.tags.alpha.eksctl.io/nodegroup-name": "nodegroup",
            "tag_specifications.1.tags.alpha.eksctl.io/nodegroup-type": "managed",
            "tag_specifications.2.resource_type": "network-interface",
            "tag_specifications.2.tags.%": "3",
            "tag_specifications.2.tags.Name": "2021-hjk-eksworkshop-eksctl-nodegroup-Node",
            "tag_specifications.2.tags.alpha.eksctl.io/nodegroup-name": "nodegroup",
            "tag_specifications.2.tags.alpha.eksctl.io/nodegroup-type": "managed",
            "tags.%": "0",
            "tags_all.%": "0",
            "user_data": "",
            "vpc_security_group_ids.#": "1",
            "vpc_security_group_ids.0": "sg-0e4060852978d0843"
          },
          "sensitive_attributes": []
        }
      ]
    },
    {
      "mode": "managed",
      "type": "aws_launch_template",
      "name": "tfer--hh-infra-manual-st",
      "provider": "provider[\"registry.terraform.io/-/aws\"]",
      "instances": [
        {
          "schema_version": 0,
          "attributes_flat": {
            "arn": "arn:aws:ec2:ap-northeast-2:046822486271:launch-template/lt-0d2c659e1a2bbff38",
            "block_device_mappings.#": "0",
            "capacity_reservation_specification.#": "0",
            "cpu_options.#": "0",
            "default_version": "2",
            "description": "",
            "disable_api_stop": "false",
            "disable_api_termination": "false",
            "ebs_optimized": "false",
            "elastic_gpu_specifications.#": "0",
            "elastic_inference_accelerator.#": "0",
            "enclave_options.#": "0",
            "hibernation_options.#": "0",
            "iam_instance_profile.#": "0",
            "id": "lt-0d2c659e1a2bbff38",
            "image_id": "ami-003ef1c0e2776ea27",
            "instance_initiated_shutdown_behavior": "",
            "instance_market_options.#": "0",
            "instance_requirements.#": "0",
            "instance_type": "t3.micro",
            "kernel_id": "",
            "key_name": "hhtest",
            "latest_version": "2",
            "license_specification.#": "0",
            "maintenance_options.#": "0",
            "metadata_options.#": "0",
            "monitoring.#": "0",
            "name": "hh-infra-manual-st",
            "name_prefix": "",
            "network_interfaces.#": "0",
            "placement.#": "0",
            "private_dns_name_options.#": "1",
            "private_dns_name_options.0.enable_resource_name_dns_a_record": "false",
            "private_dns_name_options.0.enable_resource_name_dns_aaaa_record": "false",
            "private_dns_name_options.0.hostname_type": "",
            "ram_disk_id": "",
            "security_group_names.#": "0",
            "tag_specifications.#": "0",
            "tags.%": "0",
            "tags_all.%": "0",
            "user_data": "IyEvYmluL2Jhc2gKeXVtIHVwZGF0ZSAteQphbWF6b24tbGludXgtZXh0cmFzIGluc3RhbGwgLXkgbGFtcC1tYXJpYWRiMTAuMi1waHA3LjIgcGhwNy4yCnl1bSBpbnN0YWxsIC15IGh0dHBkIG1hcmlhZGItc2VydmVyCnN5c3RlbWN0bCBzdGFydCBodHRwZApzeXN0ZW1jdGwgZW5hYmxlIGh0dHBkCnVzZXJtb2QgLWEgLUcgYXBhY2hlIGVjMi11c2VyCmNob3duIC1SIGVjMi11c2VyOmFwYWNoZSAvdmFyL3d3dwpjaG1vZCAyNzc1IC92YXIvd3d3CmZpbmQgL3Zhci93d3cgLXR5cGUgZCAtZXhlYyBjaG1vZCAyNzc1IHt9IFw7CmZpbmQgL3Zhci93d3cgLXR5cGUgZiAtZXhlYyBjaG1vZCAwNjY0IHt9IFw7CmVjaG8gIjw/cGhwIHBocGluZm8oKTsgPz4iID4gL3Zhci93d3cvaHRtbC9waHBpbmZvLnBocA==",
            "vpc_security_group_ids.#": "1",
            "vpc_security_group_ids.0": "sg-06dd364cf91053428"
          },
          "sensitive_attributes": []
        }
      ]
    },
    {
      "mode": "managed",
      "type": "aws_launch_template",
      "name": "tfer--lt-Cloud-VAS-NLP-Dev",
      "provider": "provider[\"registry.terraform.io/-/aws\"]",
      "instances": [
        {
          "schema_version": 0,
          "attributes_flat": {
            "arn": "arn:aws:ec2:ap-northeast-2:046822486271:launch-template/lt-06b5b7e609432f413",
            "block_device_mappings.#": "4",
            "block_device_mappings.0.device_name": "/dev/xvda",
            "block_device_mappings.0.ebs.#": "1",
            "block_device_mappings.0.ebs.0.delete_on_termination": "true",
            "block_device_mappings.0.ebs.0.encrypted": "false",
            "block_device_mappings.0.ebs.0.iops": "0",
            "block_device_mappings.0.ebs.0.kms_key_id": "",
            "block_device_mappings.0.ebs.0.snapshot_id": "snap-0dd594c5827973ef8",
            "block_device_mappings.0.ebs.0.throughput": "0",
            "block_device_mappings.0.ebs.0.volume_size": "50",
            "block_device_mappings.0.ebs.0.volume_type": "gp2",
            "block_device_mappings.0.no_device": "",
            "block_device_mappings.0.virtual_name": "",
            "block_device_mappings.1.device_name": "/dev/sdc",
            "block_device_mappings.1.ebs.#": "1",
            "block_device_mappings.1.ebs.0.delete_on_termination": "true",
            "block_device_mappings.1.ebs.0.encrypted": "false",
            "block_device_mappings.1.ebs.0.iops": "0",
            "block_device_mappings.1.ebs.0.kms_key_id": "",
            "block_device_mappings.1.ebs.0.snapshot_id": "snap-0cdb3bac1d9775aae",
            "block_device_mappings.1.ebs.0.throughput": "0",
            "block_device_mappings.1.ebs.0.volume_size": "100",
            "block_device_mappings.1.ebs.0.volume_type": "gp2",
            "block_device_mappings.1.no_device": "",
            "block_device_mappings.1.virtual_name": "",
            "block_device_mappings.2.device_name": "/dev/sdb",
            "block_device_mappings.2.ebs.#": "1",
            "block_device_mappings.2.ebs.0.delete_on_termination": "",
            "block_device_mappings.2.ebs.0.encrypted": "",
            "block_device_mappings.2.ebs.0.iops": "0",
            "block_device_mappings.2.ebs.0.kms_key_id": "",
            "block_device_mappings.2.ebs.0.snapshot_id": "snap-0a7e7008c4e00996e",
            "block_device_mappings.2.ebs.0.throughput": "0",
            "block_device_mappings.2.ebs.0.volume_size": "25",
            "block_device_mappings.2.ebs.0.volume_type": "",
            "block_device_mappings.2.no_device": "",
            "block_device_mappings.2.virtual_name": "",
            "block_device_mappings.3.device_name": "/dev/sdd",
            "block_device_mappings.3.ebs.#": "1",
            "block_device_mappings.3.ebs.0.delete_on_termination": "",
            "block_device_mappings.3.ebs.0.encrypted": "",
            "block_device_mappings.3.ebs.0.iops": "0",
            "block_device_mappings.3.ebs.0.kms_key_id": "",
            "block_device_mappings.3.ebs.0.snapshot_id": "snap-00b6384e684c5ea53",
            "block_device_mappings.3.ebs.0.throughput": "0",
            "block_device_mappings.3.ebs.0.volume_size": "50",
            "block_device_mappings.3.ebs.0.volume_type": "",
            "block_device_mappings.3.no_device": "",
            "block_device_mappings.3.virtual_name": "",
            "capacity_reservation_specification.#": "0",
            "cpu_options.#": "0",
            "default_version": "1",
            "description": "",
            "disable_api_stop": "false",
            "disable_api_termination": "false",
            "ebs_optimized": "",
            "elastic_gpu_specifications.#": "0",
            "elastic_inference_accelerator.#": "0",
            "enclave_options.#": "0",
            "hibernation_options.#": "0",
            "iam_instance_profile.#": "1",
            "iam_instance_profile.0.arn": "arn:aws:iam::046822486271:instance-profile/role-dev-nlp",
            "iam_instance_profile.0.name": "",
            "id": "lt-06b5b7e609432f413",
            "image_id": "ami-006e2f9fa7597680a",
            "instance_initiated_shutdown_behavior": "",
            "instance_market_options.#": "0",
            "instance_requirements.#": "0",
            "instance_type": "m5.xlarge",
            "kernel_id": "",
            "key_name": "",
            "latest_version": "1",
            "license_specification.#": "0",
            "maintenance_options.#": "0",
            "metadata_options.#": "0",
            "monitoring.#": "0",
            "name": "lt-Cloud-VAS-NLP-Dev",
            "name_prefix": "",
            "network_interfaces.#": "0",
            "placement.#": "0",
            "private_dns_name_options.#": "0",
            "ram_disk_id": "",
            "security_group_names.#": "0",
            "tag_specifications.#": "1",
            "tag_specifications.0.resource_type": "instance",
            "tag_specifications.0.tags.%": "1",
            "tag_specifications.0.tags.Name": "i-dev-thinqai-nlp",
            "tags.%": "0",
            "tags_all.%": "0",
            "user_data": "IyEvYmluL2Jhc2gKeXVtIHVwZGF0ZSAteQp5dW0gaW5zdGFsbCAteSBqYXZhLTEuOC4wLW9wZW5qZGstZGV2ZWwueDg2XzY0Cgpta2RpciAtcCAvZW5nbjAwMQpta2RpciAtcCAvZGF0YTAwMSAKbWtkaXIgLXAgL2xvZ3MwMDEKCm1rZnMuZXh0NCAvZGV2L3h2ZGMKbWtmcy5leHQ0IC9kZXYveHZkZAoKZWNobyAiL2Rldi94dmRiICAgIC9lbmduMDAxICAgIGV4dDQgICAgZGVmYXVsdHMsbm9mYWlsICAgICAgICAwICAgICAgIDIiID4+IC9ldGMvZnN0YWIKZWNobyAiL2Rldi94dmRjICAgIC9kYXRhMDAxICAgIGV4dDQgICAgZGVmYXVsdHMsbm9mYWlsICAgICAgICAwICAgICAgIDIiID4+IC9ldGMvZnN0YWIKZWNobyAiL2Rldi94dmRkICAgIC9sb2dzMDAxICAgIGV4dDQgICAgZGVmYXVsdHMsbm9mYWlsICAgICAgICAwICAgICAgIDIiID4+IC9ldGMvZnN0YWIKCm1vdW50IC1hCgpta2RpciAtcCAvbG9nczAwMS9qYnNhZG0vamJvc3M2MS9ubHBEb21haW4vY29yZW5scF84MDgwLwpta2RpciAtcCAvbG9nczAwMS9qYnNhZG0vamJvc3M2MS9ubHBEb21haW4vYml6bmxwXzgxODAvCgpta2RpciAtcCAvZGF0YTAwMS9ubHBhZG0vY29yZW5scC9hcHBsaWNhdGlvbnMKbWtkaXIgLXAgL2RhdGEwMDEvbmxwYWRtL3JlZl9iaXpubHAvYXBwbGljYXRpb25zCgpjaG93biAtUiAxMDAwOjEwMDAgL2VuZ24wMDEKY2hvd24gLVIgMTAwMDoxMDAwIC9kYXRhMDAxCmNob3duIC1SIDEwMDA6MTAwMCAvbG9nczAwMQoK",
            "vpc_security_group_ids.#": "1",
            "vpc_security_group_ids.0": "sg-0a52e027fb663b06e"
          },
          "sensitive_attributes": []
        }
      ]
    }
  ],
  "check_results": null
}
